# THIS IS AN AUTOGENERATED FILE. DO NOT EDIT THIS FILE DIRECTLY.
# yarn lockfile v1


"actiontext@https://github.com/kobaltz/actiontext":
  version "0.1.0"
  resolved "https://github.com/kobaltz/actiontext#ef59c4ba99d1b7614dd47f5a294eef553224db88"
  dependencies:
    activestorage ">=5.2.0"
    trix ">=1.0.0"

activestorage@>=5.2.0:
  version "5.2.4"
  resolved "https://registry.yarnpkg.com/activestorage/-/activestorage-5.2.4.tgz#758650e01cbb2ce0e3e80e4b20a7641a021a5412"
  integrity sha512-3HDU9nCt/wn4yisSdS7wd32YPZgKRfwq2BE4kA7yuAQYKn+/X2S1sM8nAtnfPQRZIWarabIvGjbVzJNsERAb5Q==
  dependencies:
    spark-md5 "^3.0.0"

bootstrap@^4.3.1:
  version "4.6.0"
  resolved "https://registry.yarnpkg.com/bootstrap/-/bootstrap-4.6.0.tgz#97b9f29ac98f98dfa43bf7468262d84392552fd7"
  integrity sha512-Io55IuQY3kydzHtbGvQya3H+KorS/M9rSNyfCGCg9WZ4pyT/lCxIlpJgG1GXW/PswzC84Tr2fBYi+7+jFVQQBw==

cropper@~4.0.0:
  version "4.0.0"
  resolved "https://registry.yarnpkg.com/cropper/-/cropper-4.0.0.tgz#77a0c1f8989049f6b9a9137acb865dca5a1e9f62"
  integrity sha512-l0RVf5hHww+iSIJ5ZQRwRRljYjvxA4Rt4qUICR/MjCReif7mW/S68RekM7X2+mip0mG9XQ1oMY9o0v6wi59ftw==
  dependencies:
    cropperjs "^1.3.4"

cropperjs@^1.3.4:
  version "1.5.11"
  resolved "https://registry.yarnpkg.com/cropperjs/-/cropperjs-1.5.11.tgz#502ae6d8ca098b124de6813601cca70015879fc0"
  integrity sha512-SJUeBBhtNBnnn+UrLKluhFRIXLJn7XFPv8QN1j49X5t+BIMwkgvDev541f96bmu8Xe0TgCx3gON22KmY/VddaA==

jquery@^3.4.1:
  version "3.6.0"
  resolved "https://registry.yarnpkg.com/jquery/-/jquery-3.6.0.tgz#c72a09f15c1bdce142f49dbf1170bdf8adac2470"
  integrity sha512-JVzAR/AjBvVt2BmYhxRCSYysDsPcssdmTFnzyLEts9qNwmjmu4JTAMYubEfwVOSwpQ1I1sKKFcxhZCI2buerfw==

spark-md5@^3.0.0:
  version "3.0.1"
  resolved "https://registry.yarnpkg.com/spark-md5/-/spark-md5-3.0.1.tgz#83a0e255734f2ab4e5c466e5a2cfc9ba2aa2124d"
  integrity sha512-0tF3AGSD1ppQeuffsLDIOWlKUd3lS92tFxcsrh5Pe3ZphhnoK+oXIBTzOAThZCiuINZLvpiLH/1VS1/ANEJVig==

trix@>=1.0.0:
  version "1.3.1"
  resolved "https://registry.yarnpkg.com/trix/-/trix-1.3.1.tgz#ccce8d9e72bf0fe70c8c019ff558c70266f8d857"
  integrity sha512-BbH6mb6gk+AV4f2as38mP6Ucc1LE3OD6XxkZnAgPIduWXYtvg2mI3cZhIZSLqmMh9OITEpOBCCk88IVmyjU7bA==
